
Microsoft Visual Studio Solution File, Format Version 12.00
# Visual Studio Version 16
VisualStudioVersion = 16.0.31624.102
MinimumVisualStudioVersion = 10.0.40219.1
Project("{FAE04EC0-301F-11D3-BF4B-00C04F79EFBC}") = "TestApp", "TestApp\TestApp.csproj", "{51378F1A-F88B-486A-894E-BBE7E8C23538}"
EndProject
Global
	GlobalSection(SolutionConfigurationPlatforms) = preSolution
		Debug|Any CPU = Debug|Any CPU
		Release|Any CPU = Release|Any CPU
	EndGlobalSection
	GlobalSection(ProjectConfigurationPlatforms) = postSolution
		{51378F1A-F88B-486A-894E-BBE7E8C23538}.Debug|Any CPU.ActiveCfg = Debug|Any CPU
		{51378F1A-F88B-486A-894E-BBE7E8C23538}.Debug|Any CPU.Build.0 = Debug|Any CPU
		{51378F1A-F88B-486A-894E-BBE7E8C23538}.Release|Any CPU.ActiveCfg = Release|Any CPU
		{51378F1A-F88B-486A-894E-BBE7E8C23538}.Release|Any CPU.Build.0 = Release|Any CPU
	EndGlobalSection
	GlobalSection(SolutionProperties) = preSolution
		HideSolutionNode = FALSE
	EndGlobalSection
	GlobalSection(ExtensibilityGlobals) = postSolution
		SolutionGuid = {E36F84D0-68A7-483C-BF60-E44E9E942F77}
	EndGlobalSection
EndGlobal
